{
  "name": "blog-test",
  "requires": true,
  "lockfileVersion": 1,
  "dependencies": {
    "hikaru-generator-feed": {
      "version": "2.3.4",
      "resolved": "https://registry.npmjs.org/hikaru-generator-feed/-/hikaru-generator-feed-2.3.4.tgz",
      "integrity": "sha512-ErbXL6hy9UpZYDUAu6ARJU/nDHlreaDyknYbvPnANp2GywEHMW8OsclDH6ruPE6RuTyv8YKlsFqgpknEMEGCMQ=="
    },
    "hikaru-generator-search": {
      "version": "2.3.6",
      "resolved": "https://registry.npmjs.org/hikaru-generator-search/-/hikaru-generator-search-2.3.6.tgz",
      "integrity": "sha512-zrSdR5tjATjGLEqUJ8Og6nOwiJ+rXkW5/ZRvQuxH8516Pcaxm8hlxqI1gWqlY8ZySjGvD24Czy89Z1r1RoPBCg=="
    },
    "hikaru-generator-sitemap": {
      "version": "2.2.11",
      "resolved": "https://registry.npmjs.org/hikaru-generator-sitemap/-/hikaru-generator-sitemap-2.2.11.tgz",
      "integrity": "sha512-IkzweCb4sWVWuU0nqOHMAPpVHgSxcgqoMJoFFozgEQIlOKH2rsafqhTmAGyeoyZaiiDzn5aKzFExoKspeQyvkA=="
    }
  }
}
